
Microsoft Visual Studio Solution File, Format Version 12.00
# Visual Studio Version 17
VisualStudioVersion = 17.1.32414.318
MinimumVisualStudioVersion = 10.0.40219.1
Project("{FAE04EC0-301F-11D3-BF4B-00C04F79EFBC}") = "Week03_02", "Week03_02\Week03_02.csproj", "{1B593A3F-804F-4927-AA32-D05B6E81524D}"
EndProject
Project("{FAE04EC0-301F-11D3-BF4B-00C04F79EFBC}") = "Week03_03", "Week03_03\Week03_03.csproj", "{A9F7A3A1-9FF2-41DE-84E3-742158CA6FE0}"
EndProject
Project("{FAE04EC0-301F-11D3-BF4B-00C04F79EFBC}") = "Week03_01", "Week03_01\Week03_01.csproj", "{5A65876C-8775-4CE7-84D6-5CB7FB51F436}"
EndProject
Project("{FAE04EC0-301F-11D3-BF4B-00C04F79EFBC}") = "Week04_01", "Week04_01\Week04_01.csproj", "{E4F8BE95-26E5-4576-A1FF-DF342A87935F}"
EndProject
Project("{FAE04EC0-301F-11D3-BF4B-00C04F79EFBC}") = "Week04_02", "Week04_02\Week04_02.csproj", "{517699B4-0836-4630-A0CA-42E9C7206F64}"
EndProject
Project("{FAE04EC0-301F-11D3-BF4B-00C04F79EFBC}") = "Week04_03", "Week04_03\Week04_03.csproj", "{2D17C497-1703-4FA4-8EA6-F272C7EB692B}"
EndProject
Project("{FAE04EC0-301F-11D3-BF4B-00C04F79EFBC}") = "Week05_01", "Week05_01\Week05_01.csproj", "{D6A7B840-99C3-453A-8494-524DFFFE3F65}"
EndProject
Project("{FAE04EC0-301F-11D3-BF4B-00C04F79EFBC}") = "Week05_02", "Week05_02\Week05_02.csproj", "{B02B5D3F-DAEE-47E4-87C9-BCF4036809B7}"
EndProject
Project("{FAE04EC0-301F-11D3-BF4B-00C04F79EFBC}") = "Week06_01", "Week06_01\Week06_01.csproj", "{FFEED072-9CA1-4A8A-9917-95262FA195DC}"
EndProject
Project("{FAE04EC0-301F-11D3-BF4B-00C04F79EFBC}") = "Week07_01", "Week07_01\Week07_01.csproj", "{482B5085-3B82-4DF5-81B4-C8C945B52AE9}"
EndProject
Project("{FAE04EC0-301F-11D3-BF4B-00C04F79EFBC}") = "Week09_01", "Week09_01\Week09_01.csproj", "{51777C0A-7CFB-4812-BF6E-327CF7ED04FA}"
EndProject
Project("{FAE04EC0-301F-11D3-BF4B-00C04F79EFBC}") = "Week09_02", "Week09_02\Week09_02.csproj", "{6F43C745-BF75-4605-ABF7-9BCC9B177687}"
EndProject
Global
	GlobalSection(SolutionConfigurationPlatforms) = preSolution
		Debug|Any CPU = Debug|Any CPU
		Release|Any CPU = Release|Any CPU
	EndGlobalSection
	GlobalSection(ProjectConfigurationPlatforms) = postSolution
		{1B593A3F-804F-4927-AA32-D05B6E81524D}.Debug|Any CPU.ActiveCfg = Debug|Any CPU
		{1B593A3F-804F-4927-AA32-D05B6E81524D}.Debug|Any CPU.Build.0 = Debug|Any CPU
		{1B593A3F-804F-4927-AA32-D05B6E81524D}.Release|Any CPU.ActiveCfg = Release|Any CPU
		{1B593A3F-804F-4927-AA32-D05B6E81524D}.Release|Any CPU.Build.0 = Release|Any CPU
		{A9F7A3A1-9FF2-41DE-84E3-742158CA6FE0}.Debug|Any CPU.ActiveCfg = Debug|Any CPU
		{A9F7A3A1-9FF2-41DE-84E3-742158CA6FE0}.Debug|Any CPU.Build.0 = Debug|Any CPU
		{A9F7A3A1-9FF2-41DE-84E3-742158CA6FE0}.Release|Any CPU.ActiveCfg = Release|Any CPU
		{A9F7A3A1-9FF2-41DE-84E3-742158CA6FE0}.Release|Any CPU.Build.0 = Release|Any CPU
		{5A65876C-8775-4CE7-84D6-5CB7FB51F436}.Debug|Any CPU.ActiveCfg = Debug|Any CPU
		{5A65876C-8775-4CE7-84D6-5CB7FB51F436}.Debug|Any CPU.Build.0 = Debug|Any CPU
		{5A65876C-8775-4CE7-84D6-5CB7FB51F436}.Release|Any CPU.ActiveCfg = Release|Any CPU
		{5A65876C-8775-4CE7-84D6-5CB7FB51F436}.Release|Any CPU.Build.0 = Release|Any CPU
		{E4F8BE95-26E5-4576-A1FF-DF342A87935F}.Debug|Any CPU.ActiveCfg = Debug|Any CPU
		{E4F8BE95-26E5-4576-A1FF-DF342A87935F}.Debug|Any CPU.Build.0 = Debug|Any CPU
		{E4F8BE95-26E5-4576-A1FF-DF342A87935F}.Release|Any CPU.ActiveCfg = Release|Any CPU
		{E4F8BE95-26E5-4576-A1FF-DF342A87935F}.Release|Any CPU.Build.0 = Release|Any CPU
		{517699B4-0836-4630-A0CA-42E9C7206F64}.Debug|Any CPU.ActiveCfg = Debug|Any CPU
		{517699B4-0836-4630-A0CA-42E9C7206F64}.Debug|Any CPU.Build.0 = Debug|Any CPU
		{517699B4-0836-4630-A0CA-42E9C7206F64}.Release|Any CPU.ActiveCfg = Release|Any CPU
		{517699B4-0836-4630-A0CA-42E9C7206F64}.Release|Any CPU.Build.0 = Release|Any CPU
		{2D17C497-1703-4FA4-8EA6-F272C7EB692B}.Debug|Any CPU.ActiveCfg = Debug|Any CPU
		{2D17C497-1703-4FA4-8EA6-F272C7EB692B}.Debug|Any CPU.Build.0 = Debug|Any CPU
		{2D17C497-1703-4FA4-8EA6-F272C7EB692B}.Release|Any CPU.ActiveCfg = Release|Any CPU
		{2D17C497-1703-4FA4-8EA6-F272C7EB692B}.Release|Any CPU.Build.0 = Release|Any CPU
		{D6A7B840-99C3-453A-8494-524DFFFE3F65}.Debug|Any CPU.ActiveCfg = Debug|Any CPU
		{D6A7B840-99C3-453A-8494-524DFFFE3F65}.Debug|Any CPU.Build.0 = Debug|Any CPU
		{D6A7B840-99C3-453A-8494-524DFFFE3F65}.Release|Any CPU.ActiveCfg = Release|Any CPU
		{D6A7B840-99C3-453A-8494-524DFFFE3F65}.Release|Any CPU.Build.0 = Release|Any CPU
		{B02B5D3F-DAEE-47E4-87C9-BCF4036809B7}.Debug|Any CPU.ActiveCfg = Debug|Any CPU
		{B02B5D3F-DAEE-47E4-87C9-BCF4036809B7}.Debug|Any CPU.Build.0 = Debug|Any CPU
		{B02B5D3F-DAEE-47E4-87C9-BCF4036809B7}.Release|Any CPU.ActiveCfg = Release|Any CPU
		{B02B5D3F-DAEE-47E4-87C9-BCF4036809B7}.Release|Any CPU.Build.0 = Release|Any CPU
		{FFEED072-9CA1-4A8A-9917-95262FA195DC}.Debug|Any CPU.ActiveCfg = Debug|Any CPU
		{FFEED072-9CA1-4A8A-9917-95262FA195DC}.Debug|Any CPU.Build.0 = Debug|Any CPU
		{FFEED072-9CA1-4A8A-9917-95262FA195DC}.Release|Any CPU.ActiveCfg = Release|Any CPU
		{FFEED072-9CA1-4A8A-9917-95262FA195DC}.Release|Any CPU.Build.0 = Release|Any CPU
		{482B5085-3B82-4DF5-81B4-C8C945B52AE9}.Debug|Any CPU.ActiveCfg = Debug|Any CPU
		{482B5085-3B82-4DF5-81B4-C8C945B52AE9}.Debug|Any CPU.Build.0 = Debug|Any CPU
		{482B5085-3B82-4DF5-81B4-C8C945B52AE9}.Release|Any CPU.ActiveCfg = Release|Any CPU
		{482B5085-3B82-4DF5-81B4-C8C945B52AE9}.Release|Any CPU.Build.0 = Release|Any CPU
		{51777C0A-7CFB-4812-BF6E-327CF7ED04FA}.Debug|Any CPU.ActiveCfg = Debug|Any CPU
		{51777C0A-7CFB-4812-BF6E-327CF7ED04FA}.Debug|Any CPU.Build.0 = Debug|Any CPU
		{51777C0A-7CFB-4812-BF6E-327CF7ED04FA}.Release|Any CPU.ActiveCfg = Release|Any CPU
		{51777C0A-7CFB-4812-BF6E-327CF7ED04FA}.Release|Any CPU.Build.0 = Release|Any CPU
		{6F43C745-BF75-4605-ABF7-9BCC9B177687}.Debug|Any CPU.ActiveCfg = Debug|Any CPU
		{6F43C745-BF75-4605-ABF7-9BCC9B177687}.Debug|Any CPU.Build.0 = Debug|Any CPU
		{6F43C745-BF75-4605-ABF7-9BCC9B177687}.Release|Any CPU.ActiveCfg = Release|Any CPU
		{6F43C745-BF75-4605-ABF7-9BCC9B177687}.Release|Any CPU.Build.0 = Release|Any CPU
	EndGlobalSection
	GlobalSection(SolutionProperties) = preSolution
		HideSolutionNode = FALSE
	EndGlobalSection
	GlobalSection(ExtensibilityGlobals) = postSolution
		SolutionGuid = {464FDD57-B116-4BF5-8A18-5D6EC7D51A62}
	EndGlobalSection
EndGlobal
